
Microsoft Visual Studio Solution File, Format Version 12.00
# Visual Studio 15
VisualStudioVersion = 15.0.28307.779
MinimumVisualStudioVersion = 10.0.40219.1
Project("{FAE04EC0-301F-11D3-BF4B-00C04F79EFBC}") = "e1_5", "e1_5\e1_5.csproj", "{6169426C-5A2B-4BF7-835B-FF2E21165580}"
EndProject
Global
	GlobalSection(SolutionConfigurationPlatforms) = preSolution
		Debug|Any CPU = Debug|Any CPU
		Release|Any CPU = Release|Any CPU
	EndGlobalSection
	GlobalSection(ProjectConfigurationPlatforms) = postSolution
		{6169426C-5A2B-4BF7-835B-FF2E21165580}.Debug|Any CPU.ActiveCfg = Debug|Any CPU
		{6169426C-5A2B-4BF7-835B-FF2E21165580}.Debug|Any CPU.Build.0 = Debug|Any CPU
		{6169426C-5A2B-4BF7-835B-FF2E21165580}.Release|Any CPU.ActiveCfg = Release|Any CPU
		{6169426C-5A2B-4BF7-835B-FF2E21165580}.Release|Any CPU.Build.0 = Release|Any CPU
	EndGlobalSection
	GlobalSection(SolutionProperties) = preSolution
		HideSolutionNode = FALSE
	EndGlobalSection
	GlobalSection(ExtensibilityGlobals) = postSolution
		SolutionGuid = {84B2527E-96A6-417E-B0CC-DEFD95DC3A7F}
	EndGlobalSection
EndGlobal
